<?xml version="1.0" encoding="utf-8"?>
<Project ToolsVersion="4.0" xmlns="http://schemas.microsoft.com/developer/msbuild/2003">
  <ItemGroup>
    <Filter Include="Source Files">
      <UniqueIdentifier>{4FC737F1-C7A5-4376-A066-2A32D752A2FF}</UniqueIdentifier>
      <Extensions>cpp;c;cc;cxx;c++;cppm;ixx;def;odl;idl;hpj;bat;asm;asmx</Extensions>
    </Filter>
    <Filter Include="Header Files">
      <UniqueIdentifier>{93995380-89BD-4b04-88EB-625FBE52EBFB}</UniqueIdentifier>
      <Extensions>h;hh;hpp;hxx;h++;hm;inl;inc;ipp;xsd</Extensions>
    </Filter>
    <Filter Include="Resource Files">
      <UniqueIdentifier>{67DA6AB6-F800-4c08-8B7A-83BB121AAD01}</UniqueIdentifier>
      <Extensions>rc;ico;cur;bmp;dlg;rc2;rct;bin;rgs;gif;jpg;jpeg;jpe;resx;tiff;tif;png;wav;mfcribbon-ms</Extensions>
    </Filter>
  </ItemGroup>
  <ItemGroup>
    <ClInclude Include="framework.h">
      <Filter>Header Files</Filter>
    </ClInclude>
    <ClInclude Include="pch.h">
      <Filter>Header Files</Filter>
    </ClInclude>
    <ClInclude Include="util\COMUtils.h">
      <Filter>Header Files</Filter>
    </ClInclude>
    <ClInclude Include="util\RectDebugging.h">
      <Filter>Header Files</Filter>
    </ClInclude>
    <ClInclude Include="util\settings_manager.h">
      <Filter>Header Files</Filter>
    </ClInclude>
    <ClInclude Include="util\Tuple.h">
      <Filter>Header Files</Filter>
    </ClInclude>
    <ClInclude Include="game_structure.h">
      <Filter>Header Files</Filter>
    </ClInclude>
    <ClInclude Include="tinyxml2.h">
      <Filter>Header Files</Filter>
    </ClInclude>
    <ClInclude Include="scene\Layer.h">
      <Filter>Header Files</Filter>
    </ClInclude>
    <ClInclude Include="scene\rect_details.h">
      <Filter>Header Files</Filter>
    </ClInclude>
    <ClInclude Include="scene\scene_manager.h">
      <Filter>Header Files</Filter>
    </ClInclude>
    <ClInclude Include="scene\SceneItem.h">
      <Filter>Header Files</Filter>
    </ClInclude>
    <ClInclude Include="scene\Square.h">
      <Filter>Header Files</Filter>
    </ClInclude>
    <ClInclude Include="font\font_manager.h">
      <Filter>Header Files</Filter>
    </ClInclude>
    <ClInclude Include="font\font_resource.h">
      <Filter>Header Files</Filter>
    </ClInclude>
    <ClInclude Include="exceptions\base_exception.h">
      <Filter>Header Files</Filter>
    </ClInclude>
    <ClInclude Include="audio\AudioManager.h">
      <Filter>Header Files</Filter>
    </ClInclude>
    <ClInclude Include="audio\AudioResource.h">
      <Filter>Header Files</Filter>
    </ClInclude>
    <ClInclude Include="common\aliases.h">
      <Filter>Header Files</Filter>
    </ClInclude>
    <ClInclude Include="common\Common.h">
      <Filter>Header Files</Filter>
    </ClInclude>
    <ClInclude Include="common\constants.h">
      <Filter>Header Files</Filter>
    </ClInclude>
    <ClInclude Include="common\Logger.h">
      <Filter>Header Files</Filter>
    </ClInclude>
    <ClInclude Include="common\TypeAliases.h">
      <Filter>Header Files</Filter>
    </ClInclude>
    <ClInclude Include="asset\asset.h">
      <Filter>Header Files</Filter>
    </ClInclude>
    <ClInclude Include="events\SceneChangedEvent.h">
      <Filter>Header Files</Filter>
    </ClInclude>
    <ClInclude Include="events\AddGameObjectToCurrentSceneEvent.h">
      <Filter>Header Files</Filter>
    </ClInclude>
    <ClInclude Include="events\DoLogicUpdateEvent.h">
      <Filter>Header Files</Filter>
    </ClInclude>
    <ClInclude Include="events\Event.h">
      <Filter>Header Files</Filter>
    </ClInclude>
    <ClInclude Include="events\event_manager.h">
      <Filter>Header Files</Filter>
    </ClInclude>
    <ClInclude Include="events\event_subscriber.h">
      <Filter>Header Files</Filter>
    </ClInclude>
    <ClInclude Include="events\Events.h">
      <Filter>Header Files</Filter>
    </ClInclude>
    <ClInclude Include="events\player_moved_event.h">
      <Filter>Header Files</Filter>
    </ClInclude>
    <ClInclude Include="events\PositionChangeEvent.h">
      <Filter>Header Files</Filter>
    </ClInclude>
    <ClInclude Include="events\scene_loaded_event.h">
      <Filter>Header Files</Filter>
    </ClInclude>
    <ClInclude Include="objects\Component.h">
      <Filter>Header Files</Filter>
    </ClInclude>
    <ClInclude Include="objects\game_object.h">
      <Filter>Header Files</Filter>
    </ClInclude>
    <ClInclude Include="objects\game_object_factory.h">
      <Filter>Header Files</Filter>
    </ClInclude>
    <ClInclude Include="objects\Player.h">
      <Filter>Header Files</Filter>
    </ClInclude>
    <ClInclude Include="objects\player_component.h">
      <Filter>Header Files</Filter>
    </ClInclude>
    <ClInclude Include="objects\Sprite.h">
      <Filter>Header Files</Filter>
    </ClInclude>
    <ClInclude Include="resource\resource_manager.h">
      <Filter>Header Files</Filter>
    </ClInclude>
    <ClInclude Include="graphic\Drawing.h">
      <Filter>Header Files</Filter>
    </ClInclude>
    <ClInclude Include="graphic\sdl_graphics_manager.h">
      <Filter>Header Files</Filter>
    </ClInclude>
    <ClInclude Include="graphic\graphic_resource.h">
      <Filter>Header Files</Filter>
    </ClInclude>
    <ClInclude Include="common\static_config.h">
      <Filter>Header Files</Filter>
    </ClInclude>
    <ClInclude Include="objects\game_world_data.h">
      <Filter>Header Files</Filter>
    </ClInclude>
    <ClInclude Include="objects\game_world_component.h">
      <Filter>Header Files</Filter>
    </ClInclude>
  </ItemGroup>
  <ItemGroup>
    <ClCompile Include="cppgamelib.cpp">
      <Filter>Source Files</Filter>
    </ClCompile>
    <ClCompile Include="util\RectDebugging.cpp">
      <Filter>Source Files</Filter>
    </ClCompile>
    <ClCompile Include="util\settings_manager.cpp">
      <Filter>Source Files</Filter>
    </ClCompile>
    <ClCompile Include="util\Tuple.cpp">
      <Filter>Source Files</Filter>
    </ClCompile>
    <ClCompile Include="game_structure.cpp">
      <Filter>Source Files</Filter>
    </ClCompile>
    <ClCompile Include="tinyxml2.cpp">
      <Filter>Source Files</Filter>
    </ClCompile>
    <ClCompile Include="scene\rect_details.cpp">
      <Filter>Source Files</Filter>
    </ClCompile>
    <ClCompile Include="scene\scene_manager.cpp">
      <Filter>Source Files</Filter>
    </ClCompile>
    <ClCompile Include="scene\SceneItem.cpp">
      <Filter>Source Files</Filter>
    </ClCompile>
    <ClCompile Include="scene\Square.cpp">
      <Filter>Source Files</Filter>
    </ClCompile>
    <ClCompile Include="font\font_manager.cpp">
      <Filter>Source Files</Filter>
    </ClCompile>
    <ClCompile Include="font\font_resource.cpp">
      <Filter>Source Files</Filter>
    </ClCompile>
    <ClCompile Include="exceptions\base_exception.cpp">
      <Filter>Source Files</Filter>
    </ClCompile>
    <ClCompile Include="audio\AudioManager.cpp">
      <Filter>Source Files</Filter>
    </ClCompile>
    <ClCompile Include="audio\AudioResource.cpp">
      <Filter>Source Files</Filter>
    </ClCompile>
    <ClCompile Include="asset\asset.cpp">
      <Filter>Source Files</Filter>
    </ClCompile>
    <ClCompile Include="events\AddGameObjectToCurrentSceneEvent.cpp">
      <Filter>Source Files</Filter>
    </ClCompile>
    <ClCompile Include="events\DoLogicUpdateEvent.cpp">
      <Filter>Source Files</Filter>
    </ClCompile>
    <ClCompile Include="events\Event.cpp">
      <Filter>Source Files</Filter>
    </ClCompile>
    <ClCompile Include="events\event_manager.cpp">
      <Filter>Source Files</Filter>
    </ClCompile>
    <ClCompile Include="events\event_subscriber.cpp">
      <Filter>Source Files</Filter>
    </ClCompile>
    <ClCompile Include="events\player_moved_event.cpp">
      <Filter>Source Files</Filter>
    </ClCompile>
    <ClCompile Include="events\PositionChangeEvent.cpp">
      <Filter>Source Files</Filter>
    </ClCompile>
    <ClCompile Include="events\scene_loaded_event.cpp">
      <Filter>Source Files</Filter>
    </ClCompile>
    <ClCompile Include="events\SceneChangedEvent.cpp">
      <Filter>Source Files</Filter>
    </ClCompile>
    <ClCompile Include="objects\Component.cpp">
      <Filter>Source Files</Filter>
    </ClCompile>
    <ClCompile Include="objects\game_object.cpp">
      <Filter>Source Files</Filter>
    </ClCompile>
    <ClCompile Include="objects\game_object_factory.cpp">
      <Filter>Source Files</Filter>
    </ClCompile>
    <ClCompile Include="objects\Player.cpp">
      <Filter>Source Files</Filter>
    </ClCompile>
    <ClCompile Include="objects\player_component.cpp">
      <Filter>Source Files</Filter>
    </ClCompile>
    <ClCompile Include="objects\Sprite.cpp">
      <Filter>Source Files</Filter>
    </ClCompile>
    <ClCompile Include="resource\resource_manager.cpp">
      <Filter>Source Files</Filter>
    </ClCompile>
    <ClCompile Include="graphic\Drawing.cpp">
      <Filter>Source Files</Filter>
    </ClCompile>
    <ClCompile Include="graphic\sdl_graphics_manager.cpp">
      <Filter>Source Files</Filter>
    </ClCompile>
    <ClCompile Include="graphic\graphic_resource.cpp">
      <Filter>Source Files</Filter>
    </ClCompile>
    <ClCompile Include="pch.cpp">
      <Filter>Source Files</Filter>
    </ClCompile>
    <ClCompile Include="objects\game_world_data.cpp">
      <Filter>Source Files</Filter>
    </ClCompile>
    <ClCompile Include="objects\game_world_component.cpp">
      <Filter>Source Files</Filter>
    </ClCompile>
  </ItemGroup>
</Project>