<?xml version="1.0" encoding="utf-8"?>
<Project ToolsVersion="4.0" xmlns="http://schemas.microsoft.com/developer/msbuild/2003">
  <ItemGroup>
    <Filter Include="Source Files">
      <UniqueIdentifier>{4FC737F1-C7A5-4376-A066-2A32D752A2FF}</UniqueIdentifier>
      <Extensions>cpp;c;cc;cxx;c++;cppm;ixx;def;odl;idl;hpj;bat;asm;asmx</Extensions>
    </Filter>
    <Filter Include="Header Files">
      <UniqueIdentifier>{93995380-89BD-4b04-88EB-625FBE52EBFB}</UniqueIdentifier>
      <Extensions>h;hh;hpp;hxx;h++;hm;inl;inc;ipp;xsd</Extensions>
    </Filter>
    <Filter Include="Resource Files">
      <UniqueIdentifier>{67DA6AB6-F800-4c08-8B7A-83BB121AAD01}</UniqueIdentifier>
      <Extensions>rc;ico;cur;bmp;dlg;rc2;rct;bin;rgs;gif;jpg;jpeg;jpe;resx;tiff;tif;png;wav;mfcribbon-ms</Extensions>
    </Filter>
  </ItemGroup>
  <ItemGroup>
    <ClInclude Include="framework.h">
      <Filter>Header Files</Filter>
    </ClInclude>
    <ClInclude Include="pch.h">
      <Filter>Header Files</Filter>
    </ClInclude>
    <ClInclude Include="util\COMUtils.h">
      <Filter>Header Files</Filter>
    </ClInclude>
    <ClInclude Include="util\RectDebugging.h">
      <Filter>Header Files</Filter>
    </ClInclude>
    <ClInclude Include="util\Tuple.h">
      <Filter>Header Files</Filter>
    </ClInclude>
    <ClInclude Include="tinyxml2.h">
      <Filter>Header Files</Filter>
    </ClInclude>
    <ClInclude Include="scene\Layer.h">
      <Filter>Header Files</Filter>
    </ClInclude>
    <ClInclude Include="scene\SceneItem.h">
      <Filter>Header Files</Filter>
    </ClInclude>
    <ClInclude Include="font\FontAsset.h">
      <Filter>Header Files</Filter>
    </ClInclude>
    <ClInclude Include="exceptions\EngineException.h">
      <Filter>Header Files</Filter>
    </ClInclude>
    <ClInclude Include="audio\AudioManager.h">
      <Filter>Header Files</Filter>
    </ClInclude>
    <ClInclude Include="audio\AudioAsset.h">
      <Filter>Header Files</Filter>
    </ClInclude>
    <ClInclude Include="common\aliases.h">
      <Filter>Header Files</Filter>
    </ClInclude>
    <ClInclude Include="common\Common.h">
      <Filter>Header Files</Filter>
    </ClInclude>
    <ClInclude Include="common\constants.h">
      <Filter>Header Files</Filter>
    </ClInclude>
    <ClInclude Include="common\Logger.h">
      <Filter>Header Files</Filter>
    </ClInclude>
    <ClInclude Include="common\TypeAliases.h">
      <Filter>Header Files</Filter>
    </ClInclude>
    <ClInclude Include="asset\asset.h">
      <Filter>Header Files</Filter>
    </ClInclude>
    <ClInclude Include="events\SceneChangedEvent.h">
      <Filter>Header Files</Filter>
    </ClInclude>
    <ClInclude Include="events\AddGameObjectToCurrentSceneEvent.h">
      <Filter>Header Files</Filter>
    </ClInclude>
    <ClInclude Include="events\DoLogicUpdateEvent.h">
      <Filter>Header Files</Filter>
    </ClInclude>
    <ClInclude Include="events\Event.h">
      <Filter>Header Files</Filter>
    </ClInclude>
    <ClInclude Include="events\Events.h">
      <Filter>Header Files</Filter>
    </ClInclude>
    <ClInclude Include="events\PlayerMovedEvent.h">
      <Filter>Header Files</Filter>
    </ClInclude>
    <ClInclude Include="events\SceneLoadedEvent.h">
      <Filter>Header Files</Filter>
    </ClInclude>
    <ClInclude Include="objects\Component.h">
      <Filter>Header Files</Filter>
    </ClInclude>
    <ClInclude Include="objects\GameObjectFactory.h">
      <Filter>Header Files</Filter>
    </ClInclude>
    <ClInclude Include="objects\Sprite.h">
      <Filter>Header Files</Filter>
    </ClInclude>
    <ClInclude Include="graphic\Drawing.h">
      <Filter>Header Files</Filter>
    </ClInclude>
    <ClInclude Include="objects\game_world_component.h">
      <Filter>Header Files</Filter>
    </ClInclude>
    <ClInclude Include="events\IEventSubscriber.h">
      <Filter>Header Files</Filter>
    </ClInclude>
    <ClInclude Include="objects\GameObject.h">
      <Filter>Header Files</Filter>
    </ClInclude>
    <ClInclude Include="objects\DrawableGameObject.h">
      <Filter>Header Files</Filter>
    </ClInclude>
    <ClInclude Include="events\GameObjectEvent.h">
      <Filter>Header Files</Filter>
    </ClInclude>
    <ClInclude Include="events\EventSubscriber.h">
      <Filter>Header Files</Filter>
    </ClInclude>
    <ClInclude Include="objects\MultipleInheritableEnableSharedFromThis.h">
      <Filter>Header Files</Filter>
    </ClInclude>
    <ClInclude Include="GameStructure.h">
      <Filter>Header Files</Filter>
    </ClInclude>
    <ClInclude Include="util\SettingsManager.h">
      <Filter>Header Files</Filter>
    </ClInclude>
    <ClInclude Include="events\EventManager.h">
      <Filter>Header Files</Filter>
    </ClInclude>
    <ClInclude Include="font\FontManager.h">
      <Filter>Header Files</Filter>
    </ClInclude>
    <ClInclude Include="resource\ResourceManager.h">
      <Filter>Header Files</Filter>
    </ClInclude>
    <ClInclude Include="scene\SceneManager.h">
      <Filter>Header Files</Filter>
    </ClInclude>
    <ClInclude Include="graphic\SDLGraphicsManager.h">
      <Filter>Header Files</Filter>
    </ClInclude>
    <ClInclude Include="objects\GameWorldData.h">
      <Filter>Header Files</Filter>
    </ClInclude>
    <ClInclude Include="scene\ABCDRectangle.h">
      <Filter>Header Files</Filter>
    </ClInclude>
    <ClInclude Include="graphic\GraphicAsset.h">
      <Filter>Header Files</Filter>
    </ClInclude>
    <ClInclude Include="Logging\ErrorLogManager.h">
      <Filter>Header Files</Filter>
    </ClInclude>
    <ClInclude Include="common\StaticConfig.h">
      <Filter>Header Files</Filter>
    </ClInclude>
    <ClInclude Include="KeyFrame.h">
      <Filter>Header Files</Filter>
    </ClInclude>
    <ClInclude Include="Utils.h">
      <Filter>Header Files</Filter>
    </ClInclude>
    <ClInclude Include="Tests\Tests\GraphicAssetFactory.h">
      <Filter>Source Files</Filter>
    </ClInclude>
    <ClInclude Include="graphic\GraphicAssetFactory.h">
      <Filter>Header Files</Filter>
    </ClInclude>
    <ClInclude Include="Inventory.h">
      <Filter>Header Files</Filter>
    </ClInclude>
    <ClInclude Include="SpriteAsset.h">
      <Filter>Header Files</Filter>
    </ClInclude>
    <ClInclude Include="GameObjectMover.h">
      <Filter>Header Files</Filter>
    </ClInclude>
    <ClInclude Include="util\SettingDetail.h">
      <Filter>Header Files</Filter>
    </ClInclude>
    <ClInclude Include="Direction.h">
      <Filter>Header Files</Filter>
    </ClInclude>
    <ClInclude Include="ai\FSMState.h">
      <Filter>Header Files</Filter>
    </ClInclude>
    <ClInclude Include="ai\FSMTransition.h">
      <Filter>Header Files</Filter>
    </ClInclude>
    <ClInclude Include="ai\FSM.h">
      <Filter>Header Files</Filter>
    </ClInclude>
    <ClInclude Include="events\ControllerMoveEvent.h">
      <Filter>Header Files</Filter>
    </ClInclude>
    <ClInclude Include="graphic\ColourKey.h">
      <Filter>Header Files</Filter>
    </ClInclude>
    <ClInclude Include="Timer.h">
      <Filter>Header Files</Filter>
    </ClInclude>
    <ClInclude Include="geometry\Line.h">
      <Filter>Header Files</Filter>
    </ClInclude>
    <ClInclude Include="movement\Movement.h">
      <Filter>Header Files</Filter>
    </ClInclude>
  </ItemGroup>
  <ItemGroup>
    <ClCompile Include="cppgamelib.cpp">
      <Filter>Source Files</Filter>
    </ClCompile>
    <ClCompile Include="util\RectDebugging.cpp">
      <Filter>Source Files</Filter>
    </ClCompile>
    <ClCompile Include="util\Tuple.cpp">
      <Filter>Source Files</Filter>
    </ClCompile>
    <ClCompile Include="tinyxml2.cpp">
      <Filter>Source Files</Filter>
    </ClCompile>
    <ClCompile Include="scene\SceneItem.cpp">
      <Filter>Source Files</Filter>
    </ClCompile>
    <ClCompile Include="font\FontAsset.cpp">
      <Filter>Source Files</Filter>
    </ClCompile>
    <ClCompile Include="exceptions\EngineException.cpp">
      <Filter>Source Files</Filter>
    </ClCompile>
    <ClCompile Include="audio\AudioManager.cpp">
      <Filter>Source Files</Filter>
    </ClCompile>
    <ClCompile Include="audio\AudioAsset.cpp">
      <Filter>Source Files</Filter>
    </ClCompile>
    <ClCompile Include="asset\Asset.cpp">
      <Filter>Source Files</Filter>
    </ClCompile>
    <ClCompile Include="events\AddGameObjectToCurrentSceneEvent.cpp">
      <Filter>Source Files</Filter>
    </ClCompile>
    <ClCompile Include="events\DoLogicUpdateEvent.cpp">
      <Filter>Source Files</Filter>
    </ClCompile>
    <ClCompile Include="events\Event.cpp">
      <Filter>Source Files</Filter>
    </ClCompile>
    <ClCompile Include="events\PlayerMovedEvent.cpp">
      <Filter>Source Files</Filter>
    </ClCompile>
    <ClCompile Include="events\SceneLoadedEvent.cpp">
      <Filter>Source Files</Filter>
    </ClCompile>
    <ClCompile Include="events\SceneChangedEvent.cpp">
      <Filter>Source Files</Filter>
    </ClCompile>
    <ClCompile Include="objects\Component.cpp">
      <Filter>Source Files</Filter>
    </ClCompile>
    <ClCompile Include="objects\GameObjectFactory.cpp">
      <Filter>Source Files</Filter>
    </ClCompile>
    <ClCompile Include="objects\Sprite.cpp">
      <Filter>Source Files</Filter>
    </ClCompile>
    <ClCompile Include="graphic\Drawing.cpp">
      <Filter>Source Files</Filter>
    </ClCompile>
    <ClCompile Include="pch.cpp">
      <Filter>Source Files</Filter>
    </ClCompile>
    <ClCompile Include="objects\GameWorldComponent.cpp">
      <Filter>Source Files</Filter>
    </ClCompile>
    <ClCompile Include="events\IEventSubscriber.cpp">
      <Filter>Source Files</Filter>
    </ClCompile>
    <ClCompile Include="objects\GameObject.cpp">
      <Filter>Source Files</Filter>
    </ClCompile>
    <ClCompile Include="objects\DrawableGameObject.cpp">
      <Filter>Source Files</Filter>
    </ClCompile>
    <ClCompile Include="events\GameObjectEvent.cpp">
      <Filter>Source Files</Filter>
    </ClCompile>
    <ClCompile Include="events\EventSubscriber.cpp">
      <Filter>Source Files</Filter>
    </ClCompile>
    <ClCompile Include="objects\MultipleInheritableEnableSharedFromThis.cpp">
      <Filter>Source Files</Filter>
    </ClCompile>
    <ClCompile Include="GameStructure.cpp">
      <Filter>Source Files</Filter>
    </ClCompile>
    <ClCompile Include="util\SettingsManager.cpp">
      <Filter>Source Files</Filter>
    </ClCompile>
    <ClCompile Include="events\EventManager.cpp">
      <Filter>Source Files</Filter>
    </ClCompile>
    <ClCompile Include="font\FontManager.cpp">
      <Filter>Source Files</Filter>
    </ClCompile>
    <ClCompile Include="resource\ResourceManager.cpp">
      <Filter>Source Files</Filter>
    </ClCompile>
    <ClCompile Include="scene\SceneManager.cpp">
      <Filter>Source Files</Filter>
    </ClCompile>
    <ClCompile Include="graphic\SDLGraphicsManager.cpp">
      <Filter>Source Files</Filter>
    </ClCompile>
    <ClCompile Include="common\Logger.cpp">
      <Filter>Source Files</Filter>
    </ClCompile>
    <ClCompile Include="objects\GameWorldData.cpp">
      <Filter>Source Files</Filter>
    </ClCompile>
    <ClCompile Include="scene\ABCDRectangle.cpp">
      <Filter>Source Files</Filter>
    </ClCompile>
    <ClCompile Include="graphic\GraphicAsset.cpp">
      <Filter>Source Files</Filter>
    </ClCompile>
    <ClCompile Include="scene\Layer.cpp">
      <Filter>Source Files</Filter>
    </ClCompile>
    <ClCompile Include="Logging\ErrorLogManager.cpp">
      <Filter>Source Files</Filter>
    </ClCompile>
    <ClCompile Include="KeyFrame.cpp">
      <Filter>Source Files</Filter>
    </ClCompile>
    <ClCompile Include="Utils.cpp">
      <Filter>Source Files</Filter>
    </ClCompile>
    <ClCompile Include="graphic\GraphicAssetFactory.cpp">
      <Filter>Source Files</Filter>
    </ClCompile>
    <ClCompile Include="Inventory.cpp">
      <Filter>Source Files</Filter>
    </ClCompile>
    <ClCompile Include="SpriteAsset.cpp">
      <Filter>Source Files</Filter>
    </ClCompile>
    <ClCompile Include="GameObjectMover.cpp">
      <Filter>Source Files</Filter>
    </ClCompile>
    <ClCompile Include="util\SettingDetail.cpp">
      <Filter>Source Files</Filter>
    </ClCompile>
    <ClCompile Include="ai\FSM.cpp">
      <Filter>Source Files</Filter>
    </ClCompile>
    <ClCompile Include="ai\FSMState.cpp">
      <Filter>Source Files</Filter>
    </ClCompile>
    <ClCompile Include="events\ControllerMoveEvent.cpp">
      <Filter>Source Files</Filter>
    </ClCompile>
    <ClCompile Include="graphic\ColourKey.cpp">
      <Filter>Source Files</Filter>
    </ClCompile>
    <ClCompile Include="Timer.cpp">
      <Filter>Source Files</Filter>
    </ClCompile>
    <ClCompile Include="geometry\Line.cpp">
      <Filter>Source Files</Filter>
    </ClCompile>
    <ClCompile Include="movement\Movement.cpp">
      <Filter>Source Files</Filter>
    </ClCompile>
  </ItemGroup>
</Project>