<?xml version="1.0" encoding="utf-8"?>
<Project ToolsVersion="4.0" xmlns="http://schemas.microsoft.com/developer/msbuild/2003">
  <ItemGroup>
    <Filter Include="Source Files">
      <UniqueIdentifier>{4FC737F1-C7A5-4376-A066-2A32D752A2FF}</UniqueIdentifier>
      <Extensions>cpp;c;cc;cxx;c++;cppm;ixx;def;odl;idl;hpj;bat;asm;asmx</Extensions>
    </Filter>
    <Filter Include="Header Files">
      <UniqueIdentifier>{93995380-89BD-4b04-88EB-625FBE52EBFB}</UniqueIdentifier>
      <Extensions>h;hh;hpp;hxx;h++;hm;inl;inc;ipp;xsd</Extensions>
    </Filter>
    <Filter Include="Resource Files">
      <UniqueIdentifier>{67DA6AB6-F800-4c08-8B7A-83BB121AAD01}</UniqueIdentifier>
      <Extensions>rc;ico;cur;bmp;dlg;rc2;rct;bin;rgs;gif;jpg;jpeg;jpe;resx;tiff;tif;png;wav;mfcribbon-ms</Extensions>
    </Filter>
  </ItemGroup>
  <ItemGroup>
    <ClInclude Include="framework.h">
      <Filter>Header Files</Filter>
    </ClInclude>
    <ClInclude Include="pch.h">
      <Filter>Header Files</Filter>
    </ClInclude>
    <ClInclude Include="com\COMUtils.h">
      <Filter>Header Files</Filter>
    </ClInclude>
    <ClInclude Include="graphic\RectDebugging.h">
      <Filter>Header Files</Filter>
    </ClInclude>
    <ClInclude Include="geometry\Coordinate.h">
      <Filter>Header Files</Filter>
    </ClInclude>
    <ClInclude Include="file\tinyxml2.h">
      <Filter>Header Files</Filter>
    </ClInclude>
    <ClInclude Include="scene\Layer.h">
      <Filter>Header Files</Filter>
    </ClInclude>
    <ClInclude Include="font\FontAsset.h">
      <Filter>Header Files</Filter>
    </ClInclude>
    <ClInclude Include="exceptions\EngineException.h">
      <Filter>Header Files</Filter>
    </ClInclude>
    <ClInclude Include="audio\AudioManager.h">
      <Filter>Header Files</Filter>
    </ClInclude>
    <ClInclude Include="audio\AudioAsset.h">
      <Filter>Header Files</Filter>
    </ClInclude>
    <ClInclude Include="common\aliases.h">
      <Filter>Header Files</Filter>
    </ClInclude>
    <ClInclude Include="common\Common.h">
      <Filter>Header Files</Filter>
    </ClInclude>
    <ClInclude Include="common\constants.h">
      <Filter>Header Files</Filter>
    </ClInclude>
    <ClInclude Include="file\Logger.h">
      <Filter>Header Files</Filter>
    </ClInclude>
    <ClInclude Include="common\TypeAliases.h">
      <Filter>Header Files</Filter>
    </ClInclude>
    <ClInclude Include="asset\asset.h">
      <Filter>Header Files</Filter>
    </ClInclude>
    <ClInclude Include="events\SceneChangedEvent.h">
      <Filter>Header Files</Filter>
    </ClInclude>
    <ClInclude Include="events\AddGameObjectToCurrentSceneEvent.h">
      <Filter>Header Files</Filter>
    </ClInclude>
    <ClInclude Include="events\UpdateAllGameObjectsEvent.h">
      <Filter>Header Files</Filter>
    </ClInclude>
    <ClInclude Include="events\Event.h">
      <Filter>Header Files</Filter>
    </ClInclude>
    <ClInclude Include="events\EventNumbers.h">
      <Filter>Header Files</Filter>
    </ClInclude>
    <ClInclude Include="events\PlayerMovedEvent.h">
      <Filter>Header Files</Filter>
    </ClInclude>
    <ClInclude Include="events\SceneLoadedEvent.h">
      <Filter>Header Files</Filter>
    </ClInclude>
    <ClInclude Include="character\Component.h">
      <Filter>Header Files</Filter>
    </ClInclude>
    <ClInclude Include="objects\GameObjectFactory.h">
      <Filter>Header Files</Filter>
    </ClInclude>
    <ClInclude Include="character\AnimatedSprite.h">
      <Filter>Header Files</Filter>
    </ClInclude>
    <ClInclude Include="graphic\Drawing.h">
      <Filter>Header Files</Filter>
    </ClInclude>
    <ClInclude Include="objects\game_world_component.h">
      <Filter>Header Files</Filter>
    </ClInclude>
    <ClInclude Include="events\IEventSubscriber.h">
      <Filter>Header Files</Filter>
    </ClInclude>
    <ClInclude Include="objects\GameObject.h">
      <Filter>Header Files</Filter>
    </ClInclude>
    <ClInclude Include="objects\DrawableGameObject.h">
      <Filter>Header Files</Filter>
    </ClInclude>
    <ClInclude Include="events\GameObjectEvent.h">
      <Filter>Header Files</Filter>
    </ClInclude>
    <ClInclude Include="events\EventSubscriber.h">
      <Filter>Header Files</Filter>
    </ClInclude>
    <ClInclude Include="structure\GameStructure.h">
      <Filter>Header Files</Filter>
    </ClInclude>
    <ClInclude Include="file\SettingsManager.h">
      <Filter>Header Files</Filter>
    </ClInclude>
    <ClInclude Include="events\EventManager.h">
      <Filter>Header Files</Filter>
    </ClInclude>
    <ClInclude Include="font\FontManager.h">
      <Filter>Header Files</Filter>
    </ClInclude>
    <ClInclude Include="resource\ResourceManager.h">
      <Filter>Header Files</Filter>
    </ClInclude>
    <ClInclude Include="scene\SceneManager.h">
      <Filter>Header Files</Filter>
    </ClInclude>
    <ClInclude Include="graphic\SDLGraphicsManager.h">
      <Filter>Header Files</Filter>
    </ClInclude>
    <ClInclude Include="objects\GameWorldData.h">
      <Filter>Header Files</Filter>
    </ClInclude>
    <ClInclude Include="geometry\ABCDRectangle.h">
      <Filter>Header Files</Filter>
    </ClInclude>
    <ClInclude Include="graphic\GraphicAsset.h">
      <Filter>Header Files</Filter>
    </ClInclude>
    <ClInclude Include="Logging\ErrorLogManager.h">
      <Filter>Header Files</Filter>
    </ClInclude>
    <ClInclude Include="graphic\KeyFrame.h">
      <Filter>Header Files</Filter>
    </ClInclude>
    <ClInclude Include="Tests\Tests\GraphicAssetFactory.h">
      <Filter>Source Files</Filter>
    </ClInclude>
    <ClInclude Include="graphic\GraphicAssetFactory.h">
      <Filter>Header Files</Filter>
    </ClInclude>
    <ClInclude Include="character\Inventory.h">
      <Filter>Header Files</Filter>
    </ClInclude>
    <ClInclude Include="asset\SpriteAsset.h">
      <Filter>Header Files</Filter>
    </ClInclude>
    <ClInclude Include="file\SettingDetail.h">
      <Filter>Header Files</Filter>
    </ClInclude>
    <ClInclude Include="character\Direction.h">
      <Filter>Header Files</Filter>
    </ClInclude>
    <ClInclude Include="ai\FSMState.h">
      <Filter>Header Files</Filter>
    </ClInclude>
    <ClInclude Include="ai\FSMTransition.h">
      <Filter>Header Files</Filter>
    </ClInclude>
    <ClInclude Include="ai\FSM.h">
      <Filter>Header Files</Filter>
    </ClInclude>
    <ClInclude Include="events\ControllerMoveEvent.h">
      <Filter>Header Files</Filter>
    </ClInclude>
    <ClInclude Include="graphic\ColourKey.h">
      <Filter>Header Files</Filter>
    </ClInclude>
    <ClInclude Include="time\Timer.h">
      <Filter>Header Files</Filter>
    </ClInclude>
    <ClInclude Include="geometry\Line.h">
      <Filter>Header Files</Filter>
    </ClInclude>
    <ClInclude Include="character\Movement.h">
      <Filter>Header Files</Filter>
    </ClInclude>
    <ClInclude Include="net\NetworkManager.h">
      <Filter>Header Files</Filter>
    </ClInclude>
    <ClInclude Include="net\NetworkEvent.h">
      <Filter>Header Files</Filter>
    </ClInclude>
    <ClInclude Include="net\Connection.h">
      <Filter>Header Files</Filter>
    </ClInclude>
    <ClInclude Include="net\Networking.h">
      <Filter>Header Files</Filter>
    </ClInclude>
    <ClInclude Include="net\GameServer.h">
      <Filter>Header Files</Filter>
    </ClInclude>
    <ClInclude Include="net\GameClient.h">
      <Filter>Header Files</Filter>
    </ClInclude>
    <ClInclude Include="net\PeerInfo.h">
      <Filter>Header Files</Filter>
    </ClInclude>
    <ClInclude Include="events\NetworkTrafficReceivedEvent.h">
      <Filter>Header Files</Filter>
    </ClInclude>
    <ClInclude Include="json\json11.h">
      <Filter>Header Files</Filter>
    </ClInclude>
    <ClInclude Include="net\TcpNetworkPlayer.h">
      <Filter>Header Files</Filter>
    </ClInclude>
    <ClInclude Include="events\EventFactory.h">
      <Filter>Header Files</Filter>
    </ClInclude>
    <ClInclude Include="events\IEventSerializationManager.h">
      <Filter>Header Files</Filter>
    </ClInclude>
    <ClInclude Include="json\JsonEventSerializationManager.h">
      <Filter>Header Files</Filter>
    </ClInclude>
    <ClInclude Include="file\SerializationManager.h">
      <Filter>Header Files</Filter>
    </ClInclude>
    <ClInclude Include="net\MessageHeader.h">
      <Filter>Header Files</Filter>
    </ClInclude>
    <ClInclude Include="net\TcpGameServerConnection.h">
      <Filter>Header Files</Filter>
    </ClInclude>
    <ClInclude Include="net\UdpGameServerConnection.h">
      <Filter>Header Files</Filter>
    </ClInclude>
    <ClInclude Include="net\IGameServerConnection.h">
      <Filter>Header Files</Filter>
    </ClInclude>
    <ClInclude Include="net\UdpNetworkPlayer.h">
      <Filter>Header Files</Filter>
    </ClInclude>
    <ClInclude Include="net\NetworkPlayer.h">
      <Filter>Header Files</Filter>
    </ClInclude>
    <ClInclude Include="events\StartNetworkLevelEvent.h">
      <Filter>Header Files</Filter>
    </ClInclude>
    <ClInclude Include="events\NetworkPlayerJoinedEvent.h">
      <Filter>Header Files</Filter>
    </ClInclude>
    <ClInclude Include="character\StaticSprite.h">
      <Filter>Header Files</Filter>
    </ClInclude>
    <ClInclude Include="processes\Action.h">
      <Filter>Header Files</Filter>
    </ClInclude>
    <ClInclude Include="processes\DelayProcess.h">
      <Filter>Header Files</Filter>
    </ClInclude>
    <ClInclude Include="processes\Process.h">
      <Filter>Header Files</Filter>
    </ClInclude>
    <ClInclude Include="processes\ProcessManager.h">
      <Filter>Header Files</Filter>
    </ClInclude>
    <ClInclude Include="character\Hotspot.h">
      <Filter>Header Files</Filter>
    </ClInclude>
    <ClInclude Include="character\IMovement.h">
      <Filter>Header Files</Filter>
    </ClInclude>
    <ClInclude Include="character\Npc.h">
      <Filter>Header Files</Filter>
    </ClInclude>
    <ClInclude Include="character\IGameMoveStrategy.h">
      <Filter>Header Files</Filter>
    </ClInclude>
    <ClInclude Include="events\EventId.h">
      <Filter>Header Files</Filter>
    </ClInclude>
    <ClInclude Include="character\DirectionUtils.h">
      <Filter>Header Files</Filter>
    </ClInclude>
    <ClInclude Include="geometry\SideUtils.h">
      <Filter>Header Files</Filter>
    </ClInclude>
    <ClInclude Include="geometry\Side.h">
      <Filter>Header Files</Filter>
    </ClInclude>
    <ClInclude Include="graphic\DrawableText.h">
      <Filter>Header Files</Filter>
    </ClInclude>
    <ClInclude Include="graphic\DrawableFrameRate.h">
      <Filter>Header Files</Filter>
    </ClInclude>
    <ClInclude Include="ai\BehaviorTree.h">
      <Filter>Header Files</Filter>
    </ClInclude>
    <ClInclude Include="ai\Behavior.h">
      <Filter>Header Files</Filter>
    </ClInclude>
    <ClInclude Include="ai\Decorator.h">
      <Filter>Header Files</Filter>
    </ClInclude>
    <ClInclude Include="ai\Composite.h">
      <Filter>Header Files</Filter>
    </ClInclude>
    <ClInclude Include="ai\Sequence.h">
      <Filter>Header Files</Filter>
    </ClInclude>
    <ClInclude Include="ai\BehaviorResult.h">
      <Filter>Header Files</Filter>
    </ClInclude>
    <ClInclude Include="ai\LastOrNextChildSelector.h">
      <Filter>Header Files</Filter>
    </ClInclude>
    <ClInclude Include="ai\Parallel.h">
      <Filter>Header Files</Filter>
    </ClInclude>
    <ClInclude Include="ai\Monitor.h">
      <Filter>Header Files</Filter>
    </ClInclude>
    <ClInclude Include="ai\FirstOrNextSelector.h">
      <Filter>Header Files</Filter>
    </ClInclude>
    <ClInclude Include="ai\InlineActionBehavior.h">
      <Filter>Header Files</Filter>
    </ClInclude>
    <ClInclude Include="ai\Repeat.h">
      <Filter>Header Files</Filter>
    </ClInclude>
    <ClInclude Include="ai\BehaviorTreeBuilder.h">
      <Filter>Header Files</Filter>
    </ClInclude>
    <ClInclude Include="cppgamelib.h">
      <Filter>Header Files</Filter>
    </ClInclude>
    <ClInclude Include="cppgamelib\ai.h">
      <Filter>Header Files</Filter>
    </ClInclude>
    <ClInclude Include="cppgamelib\asset.h">
      <Filter>Header Files</Filter>
    </ClInclude>
    <ClInclude Include="cppgamelib\audio.h">
      <Filter>Header Files</Filter>
    </ClInclude>
    <ClInclude Include="cppgamelib\character.h">
      <Filter>Header Files</Filter>
    </ClInclude>
    <ClInclude Include="cppgamelib\events.h">
      <Filter>Header Files</Filter>
    </ClInclude>
    <ClInclude Include="cppgamelib\exceptions.h">
      <Filter>Header Files</Filter>
    </ClInclude>
    <ClInclude Include="cppgamelib\file.h">
      <Filter>Header Files</Filter>
    </ClInclude>
    <ClInclude Include="cppgamelib\font.h">
      <Filter>Header Files</Filter>
    </ClInclude>
    <ClInclude Include="cppgamelib\geometry.h">
      <Filter>Header Files</Filter>
    </ClInclude>
    <ClInclude Include="cppgamelib\graphic.h">
      <Filter>Header Files</Filter>
    </ClInclude>
    <ClInclude Include="cppgamelib\json.h">
      <Filter>Header Files</Filter>
    </ClInclude>
    <ClInclude Include="cppgamelib\logging.h">
      <Filter>Header Files</Filter>
    </ClInclude>
    <ClInclude Include="cppgamelib\net.h">
      <Filter>Header Files</Filter>
    </ClInclude>
    <ClInclude Include="cppgamelib\objects.h">
      <Filter>Header Files</Filter>
    </ClInclude>
    <ClInclude Include="cppgamelib\processes.h">
      <Filter>Header Files</Filter>
    </ClInclude>
    <ClInclude Include="cppgamelib\resource.h">
      <Filter>Header Files</Filter>
    </ClInclude>
    <ClInclude Include="cppgamelib\scene.h">
      <Filter>Header Files</Filter>
    </ClInclude>
    <ClInclude Include="cppgamelib\time.h">
      <Filter>Header Files</Filter>
    </ClInclude>
    <ClInclude Include="input\IInputManager.h">
      <Filter>Header Files</Filter>
    </ClInclude>
    <ClInclude Include="utils\Utils.h">
      <Filter>Header Files</Filter>
    </ClInclude>
    <ClInclude Include="cppgamelib\utils.h">
      <Filter>Header Files</Filter>
    </ClInclude>
    <ClInclude Include="character\MovementAtSpeed.h">
      <Filter>Header Files</Filter>
    </ClInclude>
    <ClInclude Include="structure\VariableGameLoop.h">
      <Filter>Header Files</Filter>
    </ClInclude>
    <ClInclude Include="structure\IGameLoopStrategy.h">
      <Filter>Header Files</Filter>
    </ClInclude>
    <ClInclude Include="structure\FixedStepGameLoop.h">
      <Filter>Header Files</Filter>
    </ClInclude>
    <ClInclude Include="structure\Profiler.h">
      <Filter>Header Files</Filter>
    </ClInclude>
    <ClInclude Include="time\PeriodicTimer.h">
      <Filter>Header Files</Filter>
    </ClInclude>
    <ClInclude Include="character\StatefulMove.h">
      <Filter>Header Files</Filter>
    </ClInclude>
    <ClInclude Include="graphic\Window.h">
      <Filter>Source Files</Filter>
    </ClInclude>
    <ClInclude Include="graphic\Subscribable.h">
      <Filter>Source Files</Filter>
    </ClInclude>
    <ClInclude Include="events\SubscriberHandledEvent.h">
      <Filter>Source Files</Filter>
    </ClInclude>
    <ClInclude Include="utils\RingBuffer.h">
      <Filter>Header Files</Filter>
    </ClInclude>
    <ClInclude Include="utils\BitFiddler.h">
      <Filter>Header Files</Filter>
    </ClInclude>
    <ClInclude Include="net\ReliableUdp.h">
      <Filter>Header Files</Filter>
    </ClInclude>
  </ItemGroup>
  <ItemGroup>
    <ClCompile Include="cppgamelib.cpp">
      <Filter>Source Files</Filter>
    </ClCompile>
    <ClCompile Include="geometry\Coordinate.cpp">
      <Filter>Source Files</Filter>
    </ClCompile>
    <ClCompile Include="file\tinyxml2.cpp">
      <Filter>Source Files</Filter>
    </ClCompile>
    <ClCompile Include="font\FontAsset.cpp">
      <Filter>Source Files</Filter>
    </ClCompile>
    <ClCompile Include="exceptions\EngineException.cpp">
      <Filter>Source Files</Filter>
    </ClCompile>
    <ClCompile Include="audio\AudioManager.cpp">
      <Filter>Source Files</Filter>
    </ClCompile>
    <ClCompile Include="audio\AudioAsset.cpp">
      <Filter>Source Files</Filter>
    </ClCompile>
    <ClCompile Include="asset\Asset.cpp">
      <Filter>Source Files</Filter>
    </ClCompile>
    <ClCompile Include="events\AddGameObjectToCurrentSceneEvent.cpp">
      <Filter>Source Files</Filter>
    </ClCompile>
    <ClCompile Include="events\UpdateAllGameObjectsEvent.cpp">
      <Filter>Source Files</Filter>
    </ClCompile>
    <ClCompile Include="events\Event.cpp">
      <Filter>Source Files</Filter>
    </ClCompile>
    <ClCompile Include="events\PlayerMovedEvent.cpp">
      <Filter>Source Files</Filter>
    </ClCompile>
    <ClCompile Include="events\SceneLoadedEvent.cpp">
      <Filter>Source Files</Filter>
    </ClCompile>
    <ClCompile Include="events\SceneChangedEvent.cpp">
      <Filter>Source Files</Filter>
    </ClCompile>
    <ClCompile Include="character\Component.cpp">
      <Filter>Source Files</Filter>
    </ClCompile>
    <ClCompile Include="objects\GameObjectFactory.cpp">
      <Filter>Source Files</Filter>
    </ClCompile>
    <ClCompile Include="character\AnimatedSprite.cpp">
      <Filter>Source Files</Filter>
    </ClCompile>
    <ClCompile Include="graphic\Drawing.cpp">
      <Filter>Source Files</Filter>
    </ClCompile>
    <ClCompile Include="pch.cpp">
      <Filter>Source Files</Filter>
    </ClCompile>
    <ClCompile Include="events\IEventSubscriber.cpp">
      <Filter>Source Files</Filter>
    </ClCompile>
    <ClCompile Include="objects\GameObject.cpp">
      <Filter>Source Files</Filter>
    </ClCompile>
    <ClCompile Include="objects\DrawableGameObject.cpp">
      <Filter>Source Files</Filter>
    </ClCompile>
    <ClCompile Include="events\GameObjectEvent.cpp">
      <Filter>Source Files</Filter>
    </ClCompile>
    <ClCompile Include="events\EventSubscriber.cpp">
      <Filter>Source Files</Filter>
    </ClCompile>
    <ClCompile Include="structure\GameStructure.cpp">
      <Filter>Source Files</Filter>
    </ClCompile>
    <ClCompile Include="file\SettingsManager.cpp">
      <Filter>Source Files</Filter>
    </ClCompile>
    <ClCompile Include="events\EventManager.cpp">
      <Filter>Source Files</Filter>
    </ClCompile>
    <ClCompile Include="font\FontManager.cpp">
      <Filter>Source Files</Filter>
    </ClCompile>
    <ClCompile Include="resource\ResourceManager.cpp">
      <Filter>Source Files</Filter>
    </ClCompile>
    <ClCompile Include="scene\SceneManager.cpp">
      <Filter>Source Files</Filter>
    </ClCompile>
    <ClCompile Include="graphic\SDLGraphicsManager.cpp">
      <Filter>Source Files</Filter>
    </ClCompile>
    <ClCompile Include="file\Logger.cpp">
      <Filter>Source Files</Filter>
    </ClCompile>
    <ClCompile Include="geometry\ABCDRectangle.cpp">
      <Filter>Source Files</Filter>
    </ClCompile>
    <ClCompile Include="graphic\GraphicAsset.cpp">
      <Filter>Source Files</Filter>
    </ClCompile>
    <ClCompile Include="scene\Layer.cpp">
      <Filter>Source Files</Filter>
    </ClCompile>
    <ClCompile Include="Logging\ErrorLogManager.cpp">
      <Filter>Source Files</Filter>
    </ClCompile>
    <ClCompile Include="graphic\KeyFrame.cpp">
      <Filter>Source Files</Filter>
    </ClCompile>
    <ClCompile Include="graphic\GraphicAssetFactory.cpp">
      <Filter>Source Files</Filter>
    </ClCompile>
    <ClCompile Include="character\Inventory.cpp">
      <Filter>Source Files</Filter>
    </ClCompile>
    <ClCompile Include="asset\SpriteAsset.cpp">
      <Filter>Source Files</Filter>
    </ClCompile>
    <ClCompile Include="file\SettingDetail.cpp">
      <Filter>Source Files</Filter>
    </ClCompile>
    <ClCompile Include="ai\FSM.cpp">
      <Filter>Source Files</Filter>
    </ClCompile>
    <ClCompile Include="ai\FSMState.cpp">
      <Filter>Source Files</Filter>
    </ClCompile>
    <ClCompile Include="events\ControllerMoveEvent.cpp">
      <Filter>Source Files</Filter>
    </ClCompile>
    <ClCompile Include="graphic\ColourKey.cpp">
      <Filter>Source Files</Filter>
    </ClCompile>
    <ClCompile Include="time\Timer.cpp">
      <Filter>Source Files</Filter>
    </ClCompile>
    <ClCompile Include="geometry\Line.cpp">
      <Filter>Source Files</Filter>
    </ClCompile>
    <ClCompile Include="net\NetworkManager.cpp">
      <Filter>Source Files</Filter>
    </ClCompile>
    <ClCompile Include="net\NetworkEvent.cpp">
      <Filter>Source Files</Filter>
    </ClCompile>
    <ClCompile Include="net\Connection.cpp">
      <Filter>Source Files</Filter>
    </ClCompile>
    <ClCompile Include="net\Networking.cpp">
      <Filter>Source Files</Filter>
    </ClCompile>
    <ClCompile Include="net\GameServer.cpp">
      <Filter>Source Files</Filter>
    </ClCompile>
    <ClCompile Include="net\GameClient.cpp">
      <Filter>Source Files</Filter>
    </ClCompile>
    <ClCompile Include="net\PeerInfo.cpp">
      <Filter>Source Files</Filter>
    </ClCompile>
    <ClCompile Include="events\NetworkTrafficReceivedEvent.cpp">
      <Filter>Source Files</Filter>
    </ClCompile>
    <ClCompile Include="json\json11.cpp">
      <Filter>Source Files</Filter>
    </ClCompile>
    <ClCompile Include="net\TcpNetworkPlayer.cpp">
      <Filter>Source Files</Filter>
    </ClCompile>
    <ClCompile Include="events\EventFactory.cpp">
      <Filter>Source Files</Filter>
    </ClCompile>
    <ClCompile Include="events\IEventSerializationManager.cpp">
      <Filter>Source Files</Filter>
    </ClCompile>
    <ClCompile Include="json\JsonEventSerializationManager.cpp">
      <Filter>Source Files</Filter>
    </ClCompile>
    <ClCompile Include="file\SerializationManager.cpp">
      <Filter>Source Files</Filter>
    </ClCompile>
    <ClCompile Include="net\MessageHeader.cpp">
      <Filter>Source Files</Filter>
    </ClCompile>
    <ClCompile Include="net\TcpGameServerConnection.cpp">
      <Filter>Source Files</Filter>
    </ClCompile>
    <ClCompile Include="net\UdpGameServerConnection.cpp">
      <Filter>Source Files</Filter>
    </ClCompile>
    <ClCompile Include="net\NetworkPlayer.cpp">
      <Filter>Source Files</Filter>
    </ClCompile>
    <ClCompile Include="net\UdpNetworkPlayer.cpp">
      <Filter>Source Files</Filter>
    </ClCompile>
    <ClCompile Include="character\StaticSprite.cpp">
      <Filter>Source Files</Filter>
    </ClCompile>
    <ClCompile Include="processes\ProcessManager.cpp">
      <Filter>Source Files</Filter>
    </ClCompile>
    <ClCompile Include="character\Hotspot.cpp">
      <Filter>Source Files</Filter>
    </ClCompile>
    <ClCompile Include="character\Npc.cpp">
      <Filter>Source Files</Filter>
    </ClCompile>
    <ClCompile Include="events\EventId.cpp">
      <Filter>Source Files</Filter>
    </ClCompile>
    <ClCompile Include="character\DirectionUtils.cpp">
      <Filter>Source Files</Filter>
    </ClCompile>
    <ClCompile Include="graphic\DrawableText.cpp">
      <Filter>Source Files</Filter>
    </ClCompile>
    <ClCompile Include="graphic\DrawableFrameRate.cpp">
      <Filter>Source Files</Filter>
    </ClCompile>
    <ClCompile Include="ai\BehaviorTree.cpp">
      <Filter>Source Files</Filter>
    </ClCompile>
    <ClCompile Include="ai\ConditionalSequence.h">
      <Filter>Source Files</Filter>
    </ClCompile>
    <ClCompile Include="ai\BehaviorTreeBuilder.cpp">
      <Filter>Source Files</Filter>
    </ClCompile>
    <ClCompile Include="input\IInputManager.cpp">
      <Filter>Source Files</Filter>
    </ClCompile>
    <ClCompile Include="character\MovementAtSpeed.cpp">
      <Filter>Source Files</Filter>
    </ClCompile>
    <ClCompile Include="structure\VariableGameLoop.cpp">
      <Filter>Source Files</Filter>
    </ClCompile>
    <ClCompile Include="structure\FixedStepGameLoop.cpp">
      <Filter>Source Files</Filter>
    </ClCompile>
    <ClCompile Include="structure\Profiler.cpp">
      <Filter>Source Files</Filter>
    </ClCompile>
    <ClCompile Include="time\PeriodicTimer.cpp">
      <Filter>Source Files</Filter>
    </ClCompile>
    <ClCompile Include="character\StatefulMove.cpp">
      <Filter>Source Files</Filter>
    </ClCompile>
    <ClCompile Include="graphic\Window.cpp">
      <Filter>Source Files</Filter>
    </ClCompile>
    <ClCompile Include="graphic\Subscribable.cpp">
      <Filter>Source Files</Filter>
    </ClCompile>
  </ItemGroup>
  <ItemGroup>
    <None Include="net\tcpclient.skel" />
    <None Include="net\tcpserver.skel" />
    <None Include="net\udpclient.skel" />
    <None Include="net\udpserver.skel" />
  </ItemGroup>
</Project>